// !$*UTF8*$!
{
	archiveVersion = 1;
	classes = {
	};
	objectVersion = 56;
	objects = {

/* Begin PBXBuildFile section */
		AA0000010000000000000001 /* MultitrackLiveApp.swift in Sources */ = {isa = PBXBuildFile; fileRef = AA0000020000000000000001 /* MultitrackLiveApp.swift */; };
		AA0000010000000000000002 /* Song.swift in Sources */ = {isa = PBXBuildFile; fileRef = AA0000020000000000000002 /* Song.swift */; };
		AA0000010000000000000003 /* AudioTrack.swift in Sources */ = {isa = PBXBuildFile; fileRef = AA0000020000000000000003 /* AudioTrack.swift */; };
		AA0000010000000000000004 /* Setlist.swift in Sources */ = {isa = PBXBuildFile; fileRef = AA0000020000000000000004 /* Setlist.swift */; };
		AA0000010000000000000005 /* SetlistEntry.swift in Sources */ = {isa = PBXBuildFile; fileRef = AA0000020000000000000005 /* SetlistEntry.swift */; };
		AA0000010000000000000006 /* FileStore.swift in Sources */ = {isa = PBXBuildFile; fileRef = AA0000020000000000000006 /* FileStore.swift */; };
		AA0000010000000000000007 /* AudioEngineManager.swift in Sources */ = {isa = PBXBuildFile; fileRef = AA0000020000000000000007 /* AudioEngineManager.swift */; };
		AA0000010000000000000008 /* PlaybackCoordinator.swift in Sources */ = {isa = PBXBuildFile; fileRef = AA0000020000000000000008 /* PlaybackCoordinator.swift */; };
		AA0000010000000000000009 /* SongEditorViewModel.swift in Sources */ = {isa = PBXBuildFile; fileRef = AA0000020000000000000009 /* SongEditorViewModel.swift */; };
		AA000001000000000000000A /* SetlistViewModel.swift in Sources */ = {isa = PBXBuildFile; fileRef = AA000002000000000000000A /* SetlistViewModel.swift */; };
		AA000001000000000000000B /* RootView.swift in Sources */ = {isa = PBXBuildFile; fileRef = AA000002000000000000000B /* RootView.swift */; };
		AA000001000000000000000C /* SongLibraryView.swift in Sources */ = {isa = PBXBuildFile; fileRef = AA000002000000000000000C /* SongLibraryView.swift */; };
		AA000001000000000000000D /* SongDetailView.swift in Sources */ = {isa = PBXBuildFile; fileRef = AA000002000000000000000D /* SongDetailView.swift */; };
		AA000001000000000000000F /* EditView.swift in Sources */ = {isa = PBXBuildFile; fileRef = AA000002000000000000000F /* EditView.swift */; };
		AA0000010000000000000010 /* TrackImportView.swift in Sources */ = {isa = PBXBuildFile; fileRef = AA0000020000000000000010 /* TrackImportView.swift */; };
		AA0000010000000000000013 /* LivePlaybackView.swift in Sources */ = {isa = PBXBuildFile; fileRef = AA0000020000000000000013 /* LivePlaybackView.swift */; };
		AA0000010000000000000014 /* Assets.xcassets in Resources */ = {isa = PBXBuildFile; fileRef = AA0000020000000000000014 /* Assets.xcassets */; };
		AA0000010000000000000015 /* WaveformLoader.swift in Sources */ = {isa = PBXBuildFile; fileRef = AA0000020000000000000016 /* WaveformLoader.swift */; };
		AA0000010000000000000016 /* WaveformLaneView.swift in Sources */ = {isa = PBXBuildFile; fileRef = AA0000020000000000000017 /* WaveformLaneView.swift */; };
		AA0000010000000000000017 /* DAWColors.swift in Sources */ = {isa = PBXBuildFile; fileRef = AA0000020000000000000018 /* DAWColors.swift */; };
		AA0000010000000000000018 /* ArrangementMarker.swift in Sources */ = {isa = PBXBuildFile; fileRef = AA0000020000000000000019 /* ArrangementMarker.swift */; };
		AA0000010000000000000019 /* AbletonProjectImporter.swift in Sources */ = {isa = PBXBuildFile; fileRef = AA000002000000000000001A /* AbletonProjectImporter.swift */; };
		AA000001000000000000001A /* PersistenceController.swift in Sources */ = {isa = PBXBuildFile; fileRef = AA000002000000000000001B /* PersistenceController.swift */; };
		AA000001000000000000001B /* ArrangementMarkerStore.swift in Sources */ = {isa = PBXBuildFile; fileRef = AA000002000000000000001C /* ArrangementMarkerStore.swift */; };
		AA000001000000000000001C /* TimelineLayout.swift in Sources */ = {isa = PBXBuildFile; fileRef = AA000002000000000000001D /* TimelineLayout.swift */; };
		AA000001000000000000001D /* ArrangementSlot.swift in Sources */ = {isa = PBXBuildFile; fileRef = AA000002000000000000001E /* ArrangementSlot.swift */; };
		AA000001000000000000001E /* SongArrangementStore.swift in Sources */ = {isa = PBXBuildFile; fileRef = AA000002000000000000001F /* SongArrangementStore.swift */; };
		AA000001000000000000001F /* ArrangementEditorMenu.swift in Sources */ = {isa = PBXBuildFile; fileRef = AA0000020000000000000020 /* ArrangementEditorMenu.swift */; };
		AA0000010000000000000020 /* ArrangementTimelineMapper.swift in Sources */ = {isa = PBXBuildFile; fileRef = AA0000020000000000000021 /* ArrangementTimelineMapper.swift */; };
		AA0000010000000000000021 /* AudioPlaybackTransport.swift in Sources */ = {isa = PBXBuildFile; fileRef = AA0000020000000000000022 /* AudioPlaybackTransport.swift */; };
		AA0000010000000000000026 /* DecodedStemBuffer.swift in Sources */ = {isa = PBXBuildFile; fileRef = AA0000020000000000000026 /* DecodedStemBuffer.swift */; };
		AA0000010000000000000027 /* TrackMemoryPlayer.swift in Sources */ = {isa = PBXBuildFile; fileRef = AA0000020000000000000027 /* TrackMemoryPlayer.swift */; };
		AA0000010000000000000023 /* TimelinePlayheadOverlay.swift in Sources */ = {isa = PBXBuildFile; fileRef = AA0000020000000000000024 /* TimelinePlayheadOverlay.swift */; };
		AA0000010000000000000028 /* LiveSongWaveformView.swift in Sources */ = {isa = PBXBuildFile; fileRef = AA0000020000000000000028 /* LiveSongWaveformView.swift */; };
		AA0000010000000000000029 /* SetlistTransition.swift in Sources */ = {isa = PBXBuildFile; fileRef = AA0000020000000000000029 /* SetlistTransition.swift */; };
		AA000001000000000000002A /* TrackGroup.swift in Sources */ = {isa = PBXBuildFile; fileRef = AA000002000000000000002A /* TrackGroup.swift */; };
		AA000001000000000000002B /* TrackGroupStore.swift in Sources */ = {isa = PBXBuildFile; fileRef = AA000002000000000000002B /* TrackGroupStore.swift */; };
		AA000001000000000000002C /* TrackGroupEditorView.swift in Sources */ = {isa = PBXBuildFile; fileRef = AA000002000000000000002C /* TrackGroupEditorView.swift */; };
		AA000001000000000000002D /* OutputDestination.swift in Sources */ = {isa = PBXBuildFile; fileRef = AA000002000000000000002D /* OutputDestination.swift */; };
		AA000001000000000000002E /* OutputRoutingConfig.swift in Sources */ = {isa = PBXBuildFile; fileRef = AA000002000000000000002E /* OutputRoutingConfig.swift */; };
		AA000001000000000000002F /* GroupOutputRoute.swift in Sources */ = {isa = PBXBuildFile; fileRef = AA000002000000000000002F /* GroupOutputRoute.swift */; };
		AA0000010000000000000030 /* OutputRoutingStore.swift in Sources */ = {isa = PBXBuildFile; fileRef = AA0000020000000000000030 /* OutputRoutingStore.swift */; };
		AA0000010000000000000031 /* AudioOutputDeviceService.swift in Sources */ = {isa = PBXBuildFile; fileRef = AA0000020000000000000031 /* AudioOutputDeviceService.swift */; };
		AA0000010000000000000032 /* OutputRoutingManager.swift in Sources */ = {isa = PBXBuildFile; fileRef = AA0000020000000000000032 /* OutputRoutingManager.swift */; };
		AA0000010000000000000033 /* ManageOutputsView.swift in Sources */ = {isa = PBXBuildFile; fileRef = AA0000020000000000000033 /* ManageOutputsView.swift */; };
		AA0000010000000000000035 /* TimeSignatureChange.swift in Sources */ = {isa = PBXBuildFile; fileRef = AA0000020000000000000035 /* TimeSignatureChange.swift */; };
		AA0000010000000000000036 /* TimeSignatureStore.swift in Sources */ = {isa = PBXBuildFile; fileRef = AA0000020000000000000036 /* TimeSignatureStore.swift */; };
		AA0000010000000000000034 /* SongFolderImporter.swift in Sources */ = {isa = PBXBuildFile; fileRef = AA0000020000000000000034 /* SongFolderImporter.swift */; };
		AA0000010000000000000037 /* ChangeKeyDialog.swift in Sources */ = {isa = PBXBuildFile; fileRef = AA0000020000000000000037 /* ChangeKeyDialog.swift */; };
		AA0000010000000000000038 /* PitchShiftBridge.mm in Sources */ = {isa = PBXBuildFile; fileRef = AA0000020000000000000039 /* PitchShiftBridge.mm */; };
		AA000001000000000000003A /* RubberBandPitchProcessor.swift in Sources */ = {isa = PBXBuildFile; fileRef = AA000002000000000000003A /* RubberBandPitchProcessor.swift */; };
		AA000001000000000000003C /* TempoChange.swift in Sources */ = {isa = PBXBuildFile; fileRef = AA000002000000000000003E /* TempoChange.swift */; };
		AA000001000000000000003D /* TempoStore.swift in Sources */ = {isa = PBXBuildFile; fileRef = AA000002000000000000003F /* TempoStore.swift */; };
		AA0000010000000000000040 /* TrackBakeCache.swift in Sources */ = {isa = PBXBuildFile; fileRef = AA0000020000000000000040 /* TrackBakeCache.swift */; };
		AA000001000000000000003B /* Accelerate.framework in Frameworks */ = {isa = PBXBuildFile; fileRef = AA000002000000000000003D /* Accelerate.framework */; };
/* End PBXBuildFile section */

/* Begin PBXFileReference section */
		AA0000030000000000000001 /* MultitrackLive.app */ = {isa = PBXFileReference; explicitFileType = wrapper.application; includeInIndex = 0; path = MultitrackLive.app; sourceTree = BUILT_PRODUCTS_DIR; };
		AA0000020000000000000001 /* MultitrackLiveApp.swift */ = {isa = PBXFileReference; lastKnownFileType = sourcecode.swift; path = MultitrackLiveApp.swift; sourceTree = "<group>"; };
		AA0000020000000000000002 /* Song.swift */ = {isa = PBXFileReference; lastKnownFileType = sourcecode.swift; path = Song.swift; sourceTree = "<group>"; };
		AA0000020000000000000003 /* AudioTrack.swift */ = {isa = PBXFileReference; lastKnownFileType = sourcecode.swift; path = AudioTrack.swift; sourceTree = "<group>"; };
		AA0000020000000000000004 /* Setlist.swift */ = {isa = PBXFileReference; lastKnownFileType = sourcecode.swift; path = Setlist.swift; sourceTree = "<group>"; };
		AA0000020000000000000005 /* SetlistEntry.swift */ = {isa = PBXFileReference; lastKnownFileType = sourcecode.swift; path = SetlistEntry.swift; sourceTree = "<group>"; };
		AA0000020000000000000006 /* FileStore.swift */ = {isa = PBXFileReference; lastKnownFileType = sourcecode.swift; path = FileStore.swift; sourceTree = "<group>"; };
		AA0000020000000000000007 /* AudioEngineManager.swift */ = {isa = PBXFileReference; lastKnownFileType = sourcecode.swift; path = AudioEngineManager.swift; sourceTree = "<group>"; };
		AA0000020000000000000008 /* PlaybackCoordinator.swift */ = {isa = PBXFileReference; lastKnownFileType = sourcecode.swift; path = PlaybackCoordinator.swift; sourceTree = "<group>"; };
		AA0000020000000000000009 /* SongEditorViewModel.swift */ = {isa = PBXFileReference; lastKnownFileType = sourcecode.swift; path = SongEditorViewModel.swift; sourceTree = "<group>"; };
		AA000002000000000000000A /* SetlistViewModel.swift */ = {isa = PBXFileReference; lastKnownFileType = sourcecode.swift; path = SetlistViewModel.swift; sourceTree = "<group>"; };
		AA000002000000000000000B /* RootView.swift */ = {isa = PBXFileReference; lastKnownFileType = sourcecode.swift; path = RootView.swift; sourceTree = "<group>"; };
		AA000002000000000000000C /* SongLibraryView.swift */ = {isa = PBXFileReference; lastKnownFileType = sourcecode.swift; path = SongLibraryView.swift; sourceTree = "<group>"; };
		AA000002000000000000000D /* SongDetailView.swift */ = {isa = PBXFileReference; lastKnownFileType = sourcecode.swift; path = SongDetailView.swift; sourceTree = "<group>"; };
		AA000002000000000000000F /* EditView.swift */ = {isa = PBXFileReference; lastKnownFileType = sourcecode.swift; path = EditView.swift; sourceTree = "<group>"; };
		AA0000020000000000000010 /* TrackImportView.swift */ = {isa = PBXFileReference; lastKnownFileType = sourcecode.swift; path = TrackImportView.swift; sourceTree = "<group>"; };
		AA0000020000000000000013 /* LivePlaybackView.swift */ = {isa = PBXFileReference; lastKnownFileType = sourcecode.swift; path = LivePlaybackView.swift; sourceTree = "<group>"; };
		AA0000020000000000000014 /* Assets.xcassets */ = {isa = PBXFileReference; lastKnownFileType = folder.assetcatalog; path = Assets.xcassets; sourceTree = "<group>"; };
		AA0000020000000000000015 /* Info.plist */ = {isa = PBXFileReference; lastKnownFileType = text.plist.xml; path = Info.plist; sourceTree = "<group>"; };
		AA0000020000000000000016 /* WaveformLoader.swift */ = {isa = PBXFileReference; lastKnownFileType = sourcecode.swift; path = WaveformLoader.swift; sourceTree = "<group>"; };
		AA0000020000000000000017 /* WaveformLaneView.swift */ = {isa = PBXFileReference; lastKnownFileType = sourcecode.swift; path = WaveformLaneView.swift; sourceTree = "<group>"; };
		AA0000020000000000000018 /* DAWColors.swift */ = {isa = PBXFileReference; lastKnownFileType = sourcecode.swift; path = DAWColors.swift; sourceTree = "<group>"; };
		AA0000020000000000000019 /* ArrangementMarker.swift */ = {isa = PBXFileReference; lastKnownFileType = sourcecode.swift; path = ArrangementMarker.swift; sourceTree = "<group>"; };
		AA000002000000000000001A /* AbletonProjectImporter.swift */ = {isa = PBXFileReference; lastKnownFileType = sourcecode.swift; path = AbletonProjectImporter.swift; sourceTree = "<group>"; };
		AA000002000000000000001B /* PersistenceController.swift */ = {isa = PBXFileReference; lastKnownFileType = sourcecode.swift; path = PersistenceController.swift; sourceTree = "<group>"; };
		AA000002000000000000001C /* ArrangementMarkerStore.swift */ = {isa = PBXFileReference; lastKnownFileType = sourcecode.swift; path = ArrangementMarkerStore.swift; sourceTree = "<group>"; };
		AA000002000000000000001D /* TimelineLayout.swift */ = {isa = PBXFileReference; lastKnownFileType = sourcecode.swift; path = TimelineLayout.swift; sourceTree = "<group>"; };
		AA000002000000000000001E /* ArrangementSlot.swift */ = {isa = PBXFileReference; lastKnownFileType = sourcecode.swift; path = ArrangementSlot.swift; sourceTree = "<group>"; };
		AA000002000000000000001F /* SongArrangementStore.swift */ = {isa = PBXFileReference; lastKnownFileType = sourcecode.swift; path = SongArrangementStore.swift; sourceTree = "<group>"; };
		AA0000020000000000000020 /* ArrangementEditorMenu.swift */ = {isa = PBXFileReference; lastKnownFileType = sourcecode.swift; path = ArrangementEditorMenu.swift; sourceTree = "<group>"; };
		AA0000020000000000000021 /* ArrangementTimelineMapper.swift */ = {isa = PBXFileReference; lastKnownFileType = sourcecode.swift; path = ArrangementTimelineMapper.swift; sourceTree = "<group>"; };
		AA0000020000000000000022 /* AudioPlaybackTransport.swift */ = {isa = PBXFileReference; lastKnownFileType = sourcecode.swift; path = AudioPlaybackTransport.swift; sourceTree = "<group>"; };
		AA0000020000000000000026 /* DecodedStemBuffer.swift */ = {isa = PBXFileReference; lastKnownFileType = sourcecode.swift; path = DecodedStemBuffer.swift; sourceTree = "<group>"; };
		AA0000020000000000000027 /* TrackMemoryPlayer.swift */ = {isa = PBXFileReference; lastKnownFileType = sourcecode.swift; path = TrackMemoryPlayer.swift; sourceTree = "<group>"; };
		AA0000020000000000000028 /* LiveSongWaveformView.swift */ = {isa = PBXFileReference; lastKnownFileType = sourcecode.swift; path = LiveSongWaveformView.swift; sourceTree = "<group>"; };
		AA0000020000000000000029 /* SetlistTransition.swift */ = {isa = PBXFileReference; lastKnownFileType = sourcecode.swift; path = SetlistTransition.swift; sourceTree = "<group>"; };
		AA000002000000000000002A /* TrackGroup.swift */ = {isa = PBXFileReference; lastKnownFileType = sourcecode.swift; path = TrackGroup.swift; sourceTree = "<group>"; };
		AA000002000000000000002B /* TrackGroupStore.swift */ = {isa = PBXFileReference; lastKnownFileType = sourcecode.swift; path = TrackGroupStore.swift; sourceTree = "<group>"; };
		AA000002000000000000002C /* TrackGroupEditorView.swift */ = {isa = PBXFileReference; lastKnownFileType = sourcecode.swift; path = TrackGroupEditorView.swift; sourceTree = "<group>"; };
		AA000002000000000000002D /* OutputDestination.swift */ = {isa = PBXFileReference; lastKnownFileType = sourcecode.swift; path = OutputDestination.swift; sourceTree = "<group>"; };
		AA000002000000000000002E /* OutputRoutingConfig.swift */ = {isa = PBXFileReference; lastKnownFileType = sourcecode.swift; path = OutputRoutingConfig.swift; sourceTree = "<group>"; };
		AA000002000000000000002F /* GroupOutputRoute.swift */ = {isa = PBXFileReference; lastKnownFileType = sourcecode.swift; path = GroupOutputRoute.swift; sourceTree = "<group>"; };
		AA0000020000000000000030 /* OutputRoutingStore.swift */ = {isa = PBXFileReference; lastKnownFileType = sourcecode.swift; path = OutputRoutingStore.swift; sourceTree = "<group>"; };
		AA0000020000000000000031 /* AudioOutputDeviceService.swift */ = {isa = PBXFileReference; lastKnownFileType = sourcecode.swift; path = AudioOutputDeviceService.swift; sourceTree = "<group>"; };
		AA0000020000000000000032 /* OutputRoutingManager.swift */ = {isa = PBXFileReference; lastKnownFileType = sourcecode.swift; path = OutputRoutingManager.swift; sourceTree = "<group>"; };
		AA0000020000000000000036 /* TimeSignatureStore.swift */ = {isa = PBXFileReference; lastKnownFileType = sourcecode.swift; path = TimeSignatureStore.swift; sourceTree = "<group>"; };
		AA0000020000000000000035 /* TimeSignatureChange.swift */ = {isa = PBXFileReference; lastKnownFileType = sourcecode.swift; path = TimeSignatureChange.swift; sourceTree = "<group>"; };
		AA0000020000000000000034 /* SongFolderImporter.swift */ = {isa = PBXFileReference; lastKnownFileType = sourcecode.swift; path = SongFolderImporter.swift; sourceTree = "<group>"; };
		AA0000020000000000000037 /* ChangeKeyDialog.swift */ = {isa = PBXFileReference; lastKnownFileType = sourcecode.swift; path = ChangeKeyDialog.swift; sourceTree = "<group>"; };
		AA0000020000000000000038 /* PitchShiftBridge.h */ = {isa = PBXFileReference; lastKnownFileType = sourcecode.c.h; path = PitchShiftBridge.h; sourceTree = "<group>"; };
		AA0000020000000000000039 /* PitchShiftBridge.mm */ = {isa = PBXFileReference; lastKnownFileType = sourcecode.cpp.objcpp; path = PitchShiftBridge.mm; sourceTree = "<group>"; };
		AA000002000000000000003A /* RubberBandPitchProcessor.swift */ = {isa = PBXFileReference; lastKnownFileType = sourcecode.swift; path = RubberBandPitchProcessor.swift; sourceTree = "<group>"; };
		AA000002000000000000003E /* TempoChange.swift */ = {isa = PBXFileReference; lastKnownFileType = sourcecode.swift; path = TempoChange.swift; sourceTree = "<group>"; };
		AA000002000000000000003F /* TempoStore.swift */ = {isa = PBXFileReference; lastKnownFileType = sourcecode.swift; path = TempoStore.swift; sourceTree = "<group>"; };
		AA0000020000000000000040 /* TrackBakeCache.swift */ = {isa = PBXFileReference; lastKnownFileType = sourcecode.swift; path = TrackBakeCache.swift; sourceTree = "<group>"; };
		AA000002000000000000003B /* MultitrackLive-Bridging-Header.h */ = {isa = PBXFileReference; lastKnownFileType = sourcecode.c.h; path = "MultitrackLive-Bridging-Header.h"; sourceTree = "<group>"; };
		AA000002000000000000003C /* RubberBandSingle.cpp */ = {isa = PBXFileReference; fileEncoding = 4; lastKnownFileType = sourcecode.cpp.cpp; name = RubberBandSingle.cpp; path = ThirdParty/rubberband/single/RubberBandSingle.cpp; sourceTree = SOURCE_ROOT; };
		AA000002000000000000003D /* Accelerate.framework */ = {isa = PBXFileReference; lastKnownFileType = wrapper.framework; name = Accelerate.framework; path = System/Library/Frameworks/Accelerate.framework; sourceTree = SDKROOT; };
		AA0000020000000000000033 /* ManageOutputsView.swift */ = {isa = PBXFileReference; lastKnownFileType = sourcecode.swift; path = ManageOutputsView.swift; sourceTree = "<group>"; };
		AA0000020000000000000024 /* TimelinePlayheadOverlay.swift */ = {isa = PBXFileReference; lastKnownFileType = sourcecode.swift; path = TimelinePlayheadOverlay.swift; sourceTree = "<group>"; };
/* End PBXFileReference section */

/* Begin PBXFrameworksBuildPhase section */
		AA0000040000000000000001 /* Frameworks */ = {
			isa = PBXFrameworksBuildPhase;
			buildActionMask = 2147483647;
			files = (
				AA000001000000000000003B /* Accelerate.framework in Frameworks */,
			);
			runOnlyForDeploymentPostprocessing = 0;
		};
/* End PBXFrameworksBuildPhase section */

/* Begin PBXGroup section */
		AA0000050000000000000001 = {
			isa = PBXGroup;
			children = (
				AA0000050000000000000002 /* MultitrackLive */,
				AA0000050000000000000003 /* Products */,
			);
			sourceTree = "<group>";
		};
		AA0000050000000000000002 /* MultitrackLive */ = {
			isa = PBXGroup;
			children = (
				AA0000020000000000000001 /* MultitrackLiveApp.swift */,
				AA000002000000000000003B /* MultitrackLive-Bridging-Header.h */,
				AA000005000000000000000E /* Audio */,
				AA0000050000000000000004 /* Models */,
				AA0000050000000000000005 /* Services */,
				AA0000050000000000000006 /* ViewModels */,
				AA0000050000000000000007 /* Views */,
				AA0000020000000000000014 /* Assets.xcassets */,
				AA0000020000000000000015 /* Info.plist */,
			);
			path = MultitrackLive;
			sourceTree = "<group>";
		};
		AA0000050000000000000003 /* Products */ = {
			isa = PBXGroup;
			children = (
				AA0000030000000000000001 /* MultitrackLive.app */,
			);
			name = Products;
			sourceTree = "<group>";
		};
		AA0000050000000000000004 /* Models */ = {
			isa = PBXGroup;
			children = (
				AA0000020000000000000002 /* Song.swift */,
				AA0000020000000000000003 /* AudioTrack.swift */,
				AA000002000000000000002A /* TrackGroup.swift */,
				AA000002000000000000002D /* OutputDestination.swift */,
				AA000002000000000000002E /* OutputRoutingConfig.swift */,
				AA000002000000000000002F /* GroupOutputRoute.swift */,
				AA0000020000000000000019 /* ArrangementMarker.swift */,
				AA0000020000000000000035 /* TimeSignatureChange.swift */,
				AA000002000000000000003E /* TempoChange.swift */,
				AA000002000000000000001E /* ArrangementSlot.swift */,
				AA0000020000000000000004 /* Setlist.swift */,
				AA0000020000000000000005 /* SetlistEntry.swift */,
				AA0000020000000000000029 /* SetlistTransition.swift */,
			);
			path = Models;
			sourceTree = "<group>";
		};
		AA000005000000000000000E /* Audio */ = {
			isa = PBXGroup;
			children = (
				AA0000020000000000000038 /* PitchShiftBridge.h */,
				AA0000020000000000000039 /* PitchShiftBridge.mm */,
				AA000002000000000000003C /* RubberBandSingle.cpp */,
			);
			path = Audio;
			sourceTree = "<group>";
		};
		AA0000050000000000000005 /* Services */ = {
			isa = PBXGroup;
			children = (
				AA0000020000000000000006 /* FileStore.swift */,
				AA000002000000000000001A /* AbletonProjectImporter.swift */,
				AA0000020000000000000034 /* SongFolderImporter.swift */,
				AA000002000000000000001B /* PersistenceController.swift */,
				AA000002000000000000002B /* TrackGroupStore.swift */,
				AA0000020000000000000030 /* OutputRoutingStore.swift */,
				AA0000020000000000000031 /* AudioOutputDeviceService.swift */,
				AA0000020000000000000032 /* OutputRoutingManager.swift */,
				AA000002000000000000001C /* ArrangementMarkerStore.swift */,
				AA0000020000000000000036 /* TimeSignatureStore.swift */,
				AA000002000000000000003F /* TempoStore.swift */,
				AA0000020000000000000040 /* TrackBakeCache.swift */,
				AA000002000000000000001F /* SongArrangementStore.swift */,
				AA0000020000000000000016 /* WaveformLoader.swift */,
				AA0000020000000000000007 /* AudioEngineManager.swift */,
				AA0000020000000000000021 /* ArrangementTimelineMapper.swift */,
				AA0000020000000000000022 /* AudioPlaybackTransport.swift */,
				AA0000020000000000000026 /* DecodedStemBuffer.swift */,
				AA000002000000000000003A /* RubberBandPitchProcessor.swift */,
				AA0000020000000000000027 /* TrackMemoryPlayer.swift */,
				AA0000020000000000000008 /* PlaybackCoordinator.swift */,
			);
			path = Services;
			sourceTree = "<group>";
		};
		AA0000050000000000000006 /* ViewModels */ = {
			isa = PBXGroup;
			children = (
				AA0000020000000000000009 /* SongEditorViewModel.swift */,
				AA000002000000000000000A /* SetlistViewModel.swift */,
			);
			path = ViewModels;
			sourceTree = "<group>";
		};
		AA0000050000000000000007 /* Views */ = {
			isa = PBXGroup;
			children = (
				AA000002000000000000000B /* RootView.swift */,
				AA0000050000000000000008 /* Songs */,
				AA0000050000000000000009 /* Setlists */,
			);
			path = Views;
			sourceTree = "<group>";
		};
		AA0000050000000000000008 /* Songs */ = {
			isa = PBXGroup;
			children = (
				AA000002000000000000000C /* SongLibraryView.swift */,
				AA000002000000000000000D /* SongDetailView.swift */,
				AA000002000000000000000F /* EditView.swift */,
				AA0000020000000000000020 /* ArrangementEditorMenu.swift */,
				AA0000020000000000000037 /* ChangeKeyDialog.swift */,
				AA000002000000000000002C /* TrackGroupEditorView.swift */,
				AA0000020000000000000033 /* ManageOutputsView.swift */,
				AA000002000000000000001D /* TimelineLayout.swift */,
				AA0000020000000000000017 /* WaveformLaneView.swift */,
				AA0000020000000000000024 /* TimelinePlayheadOverlay.swift */,
				AA0000020000000000000018 /* DAWColors.swift */,
				AA0000020000000000000010 /* TrackImportView.swift */,
			);
			path = Songs;
			sourceTree = "<group>";
		};
		AA0000050000000000000009 /* Setlists */ = {
			isa = PBXGroup;
			children = (
				AA0000020000000000000013 /* LivePlaybackView.swift */,
				AA0000020000000000000028 /* LiveSongWaveformView.swift */,
			);
			path = Setlists;
			sourceTree = "<group>";
		};
/* End PBXGroup section */

/* Begin PBXNativeTarget section */
		AA0000060000000000000001 /* MultitrackLive */ = {
			isa = PBXNativeTarget;
			buildConfigurationList = AA0000090000000000000001 /* Build configuration list for PBXNativeTarget "MultitrackLive" */;
			buildPhases = (
				AA0000070000000000000001 /* Sources */,
				AA0000040000000000000001 /* Frameworks */,
				AA0000080000000000000001 /* Resources */,
			);
			buildRules = (
			);
			dependencies = (
			);
			name = MultitrackLive;
			productName = MultitrackLive;
			productReference = AA0000030000000000000001 /* MultitrackLive.app */;
			productType = "com.apple.product-type.application";
		};
/* End PBXNativeTarget section */

/* Begin PBXProject section */
		AA00000A0000000000000001 /* Project object */ = {
			isa = PBXProject;
			attributes = {
				BuildIndependentTargetsInParallel = 1;
				LastSwiftUpdateCheck = 1600;
				LastUpgradeCheck = 1600;
				TargetAttributes = {
					AA0000060000000000000001 = {
						CreatedOnToolsVersion = 16.0;
					};
				};
			};
			buildConfigurationList = AA0000090000000000000002 /* Build configuration list for PBXProject "MultitrackLive" */;
			compatibilityVersion = "Xcode 14.0";
			developmentRegion = en;
			hasScannedForEncodings = 0;
			knownRegions = (
				en,
				Base,
			);
			mainGroup = AA0000050000000000000001;
			productRefGroup = AA0000050000000000000003 /* Products */;
			projectDirPath = "";
			projectRoot = "";
			targets = (
				AA0000060000000000000001 /* MultitrackLive */,
			);
		};
/* End PBXProject section */

/* Begin PBXResourcesBuildPhase section */
		AA0000080000000000000001 /* Resources */ = {
			isa = PBXResourcesBuildPhase;
			buildActionMask = 2147483647;
			files = (
				AA0000010000000000000014 /* Assets.xcassets in Resources */,
			);
			runOnlyForDeploymentPostprocessing = 0;
		};
/* End PBXResourcesBuildPhase section */

/* Begin PBXSourcesBuildPhase section */
		AA0000070000000000000001 /* Sources */ = {
			isa = PBXSourcesBuildPhase;
			buildActionMask = 2147483647;
			files = (
				AA0000010000000000000001 /* MultitrackLiveApp.swift in Sources */,
				AA0000010000000000000002 /* Song.swift in Sources */,
				AA0000010000000000000003 /* AudioTrack.swift in Sources */,
				AA0000010000000000000004 /* Setlist.swift in Sources */,
				AA0000010000000000000005 /* SetlistEntry.swift in Sources */,
				AA0000010000000000000006 /* FileStore.swift in Sources */,
				AA0000010000000000000007 /* AudioEngineManager.swift in Sources */,
				AA0000010000000000000008 /* PlaybackCoordinator.swift in Sources */,
				AA0000010000000000000009 /* SongEditorViewModel.swift in Sources */,
				AA000001000000000000000A /* SetlistViewModel.swift in Sources */,
				AA000001000000000000000B /* RootView.swift in Sources */,
				AA000001000000000000000C /* SongLibraryView.swift in Sources */,
				AA000001000000000000000D /* SongDetailView.swift in Sources */,
				AA000001000000000000000F /* EditView.swift in Sources */,
				AA0000010000000000000010 /* TrackImportView.swift in Sources */,
				AA0000010000000000000013 /* LivePlaybackView.swift in Sources */,
				AA0000010000000000000015 /* WaveformLoader.swift in Sources */,
				AA0000010000000000000016 /* WaveformLaneView.swift in Sources */,
				AA0000010000000000000017 /* DAWColors.swift in Sources */,
				AA0000010000000000000018 /* ArrangementMarker.swift in Sources */,
				AA0000010000000000000035 /* TimeSignatureChange.swift in Sources */,
				AA0000010000000000000019 /* AbletonProjectImporter.swift in Sources */,
				AA000001000000000000001A /* PersistenceController.swift in Sources */,
				AA000001000000000000001B /* ArrangementMarkerStore.swift in Sources */,
				AA0000010000000000000036 /* TimeSignatureStore.swift in Sources */,
				AA000001000000000000003C /* TempoChange.swift in Sources */,
				AA000001000000000000003D /* TempoStore.swift in Sources */,
				AA0000010000000000000040 /* TrackBakeCache.swift in Sources */,
				AA000001000000000000001C /* TimelineLayout.swift in Sources */,
				AA000001000000000000001D /* ArrangementSlot.swift in Sources */,
				AA000001000000000000001E /* SongArrangementStore.swift in Sources */,
				AA000001000000000000001F /* ArrangementEditorMenu.swift in Sources */,
				AA0000010000000000000037 /* ChangeKeyDialog.swift in Sources */,
				AA0000010000000000000038 /* PitchShiftBridge.mm in Sources */,
				AA000001000000000000003A /* RubberBandPitchProcessor.swift in Sources */,
				AA0000010000000000000020 /* ArrangementTimelineMapper.swift in Sources */,
				AA0000010000000000000021 /* AudioPlaybackTransport.swift in Sources */,
				AA0000010000000000000026 /* DecodedStemBuffer.swift in Sources */,
				AA0000010000000000000027 /* TrackMemoryPlayer.swift in Sources */,
				AA0000010000000000000023 /* TimelinePlayheadOverlay.swift in Sources */,
				AA0000010000000000000028 /* LiveSongWaveformView.swift in Sources */,
				AA0000010000000000000029 /* SetlistTransition.swift in Sources */,
				AA000001000000000000002A /* TrackGroup.swift in Sources */,
				AA000001000000000000002B /* TrackGroupStore.swift in Sources */,
				AA000001000000000000002C /* TrackGroupEditorView.swift in Sources */,
				AA000001000000000000002D /* OutputDestination.swift in Sources */,
				AA000001000000000000002E /* OutputRoutingConfig.swift in Sources */,
				AA000001000000000000002F /* GroupOutputRoute.swift in Sources */,
				AA0000010000000000000030 /* OutputRoutingStore.swift in Sources */,
				AA0000010000000000000031 /* AudioOutputDeviceService.swift in Sources */,
				AA0000010000000000000032 /* OutputRoutingManager.swift in Sources */,
				AA0000010000000000000034 /* SongFolderImporter.swift in Sources */,
				AA0000010000000000000033 /* ManageOutputsView.swift in Sources */,
			);
			runOnlyForDeploymentPostprocessing = 0;
		};
/* End PBXSourcesBuildPhase section */

/* Begin XCBuildConfiguration section */
		AA00000B0000000000000001 /* Debug */ = {
			isa = XCBuildConfiguration;
			buildSettings = {
				ALWAYS_SEARCH_USER_PATHS = NO;
				ASSETCATALOG_COMPILER_GENERATE_SWIFT_ASSET_SYMBOL_EXTENSIONS = YES;
				CLANG_ENABLE_MODULES = YES;
				CLANG_ENABLE_OBJC_ARC = YES;
				COPY_PHASE_STRIP = NO;
				DEBUG_INFORMATION_FORMAT = dwarf;
				ENABLE_STRICT_OBJC_MSGSEND = YES;
				ENABLE_TESTABILITY = YES;
				GCC_DYNAMIC_NO_PIC = NO;
				GCC_OPTIMIZATION_LEVEL = 0;
				GCC_PREPROCESSOR_DEFINITIONS = (
					"DEBUG=1",
					"$(inherited)",
				);
				MTL_ENABLE_DEBUG_INFO = INCLUDE_SOURCE;
				ONLY_ACTIVE_ARCH = YES;
				SWIFT_ACTIVE_COMPILATION_CONDITIONS = "DEBUG $(inherited)";
				SWIFT_OPTIMIZATION_LEVEL = "-Onone";
			};
			name = Debug;
		};
		AA00000B0000000000000002 /* Release */ = {
			isa = XCBuildConfiguration;
			buildSettings = {
				ALWAYS_SEARCH_USER_PATHS = NO;
				ASSETCATALOG_COMPILER_GENERATE_SWIFT_ASSET_SYMBOL_EXTENSIONS = YES;
				CLANG_ENABLE_MODULES = YES;
				CLANG_ENABLE_OBJC_ARC = YES;
				COPY_PHASE_STRIP = NO;
				DEBUG_INFORMATION_FORMAT = "dwarf-with-dsym";
				ENABLE_NS_ASSERTIONS = NO;
				ENABLE_STRICT_OBJC_MSGSEND = YES;
				MTL_ENABLE_DEBUG_INFO = NO;
				SWIFT_COMPILATION_MODE = wholemodule;
			};
			name = Release;
		};
		AA00000B0000000000000003 /* Debug */ = {
			isa = XCBuildConfiguration;
			buildSettings = {
				ASSETCATALOG_COMPILER_APPICON_NAME = AppIcon;
				ASSETCATALOG_COMPILER_GLOBAL_ACCENT_COLOR_NAME = AccentColor;
				CLANG_CXX_LANGUAGE_STANDARD = "gnu++17";
				CODE_SIGN_STYLE = Automatic;
				CURRENT_PROJECT_VERSION = 1;
				DEVELOPMENT_TEAM = "";
				ENABLE_PREVIEWS = YES;
				GENERATE_INFOPLIST_FILE = YES;
				HEADER_SEARCH_PATHS = (
					"$(inherited)",
					"$(PROJECT_DIR)/ThirdParty/rubberband",
				);
				INFOPLIST_FILE = MultitrackLive/Info.plist;
				INFOPLIST_KEY_CFBundleDisplayName = "Multitrack Live";
				INFOPLIST_KEY_LSApplicationCategoryType = "public.app-category.music";
				INFOPLIST_KEY_UIApplicationSupportsIndirectInputEvents = YES;
				INFOPLIST_KEY_UILaunchScreen_Generation = YES;
				INFOPLIST_KEY_UISupportedInterfaceOrientations_iPad = "UIInterfaceOrientationPortrait UIInterfaceOrientationPortraitUpsideDown UIInterfaceOrientationLandscapeLeft UIInterfaceOrientationLandscapeRight";
				IPHONEOS_DEPLOYMENT_TARGET = 17.0;
				LD_RUNPATH_SEARCH_PATHS = (
					"$(inherited)",
					"@executable_path/Frameworks",
				);
				MACOSX_DEPLOYMENT_TARGET = 14.0;
				MARKETING_VERSION = 1.0;
				PRODUCT_BUNDLE_IDENTIFIER = com.blakecross.MultitrackLive;
				PRODUCT_NAME = "$(TARGET_NAME)";
				REGISTER_APP_GROUPS = YES;
				SDKROOT = auto;
				SUPPORTED_PLATFORMS = "iphoneos iphonesimulator macosx";
				SUPPORTS_MACCATALYST = NO;
				SWIFT_EMIT_LOC_STRINGS = YES;
				SWIFT_OBJC_BRIDGING_HEADER = "MultitrackLive/MultitrackLive-Bridging-Header.h";
				SWIFT_VERSION = 5.0;
				TARGETED_DEVICE_FAMILY = "1,2";
			};
			name = Debug;
		};
		AA00000B0000000000000004 /* Release */ = {
			isa = XCBuildConfiguration;
			buildSettings = {
				ASSETCATALOG_COMPILER_APPICON_NAME = AppIcon;
				ASSETCATALOG_COMPILER_GLOBAL_ACCENT_COLOR_NAME = AccentColor;
				CLANG_CXX_LANGUAGE_STANDARD = "gnu++17";
				CODE_SIGN_STYLE = Automatic;
				CURRENT_PROJECT_VERSION = 1;
				DEVELOPMENT_TEAM = "";
				ENABLE_PREVIEWS = YES;
				GENERATE_INFOPLIST_FILE = YES;
				HEADER_SEARCH_PATHS = (
					"$(inherited)",
					"$(PROJECT_DIR)/ThirdParty/rubberband",
				);
				INFOPLIST_FILE = MultitrackLive/Info.plist;
				INFOPLIST_KEY_CFBundleDisplayName = "Multitrack Live";
				INFOPLIST_KEY_LSApplicationCategoryType = "public.app-category.music";
				INFOPLIST_KEY_UIApplicationSupportsIndirectInputEvents = YES;
				INFOPLIST_KEY_UILaunchScreen_Generation = YES;
				INFOPLIST_KEY_UISupportedInterfaceOrientations_iPad = "UIInterfaceOrientationPortrait UIInterfaceOrientationPortraitUpsideDown UIInterfaceOrientationLandscapeLeft UIInterfaceOrientationLandscapeRight";
				IPHONEOS_DEPLOYMENT_TARGET = 17.0;
				LD_RUNPATH_SEARCH_PATHS = (
					"$(inherited)",
					"@executable_path/Frameworks",
				);
				MACOSX_DEPLOYMENT_TARGET = 14.0;
				MARKETING_VERSION = 1.0;
				PRODUCT_BUNDLE_IDENTIFIER = com.blakecross.MultitrackLive;
				PRODUCT_NAME = "$(TARGET_NAME)";
				REGISTER_APP_GROUPS = YES;
				SDKROOT = auto;
				SUPPORTED_PLATFORMS = "iphoneos iphonesimulator macosx";
				SUPPORTS_MACCATALYST = NO;
				SWIFT_EMIT_LOC_STRINGS = YES;
				SWIFT_OBJC_BRIDGING_HEADER = "MultitrackLive/MultitrackLive-Bridging-Header.h";
				SWIFT_VERSION = 5.0;
				TARGETED_DEVICE_FAMILY = "1,2";
			};
			name = Release;
		};
/* End XCBuildConfiguration section */

/* Begin XCConfigurationList section */
		AA0000090000000000000001 /* Build configuration list for PBXNativeTarget "MultitrackLive" */ = {
			isa = XCConfigurationList;
			buildConfigurations = (
				AA00000B0000000000000003 /* Debug */,
				AA00000B0000000000000004 /* Release */,
			);
			defaultConfigurationIsVisible = 0;
			defaultConfigurationName = Release;
		};
		AA0000090000000000000002 /* Build configuration list for PBXProject "MultitrackLive" */ = {
			isa = XCConfigurationList;
			buildConfigurations = (
				AA00000B0000000000000001 /* Debug */,
				AA00000B0000000000000002 /* Release */,
			);
			defaultConfigurationIsVisible = 0;
			defaultConfigurationName = Release;
		};
/* End XCConfigurationList section */
	};
	rootObject = AA00000A0000000000000001 /* Project object */;
}
